
Microsoft Visual Studio Solution File, Format Version 12.00
# Visual Studio 15
VisualStudioVersion = 15.0.28307.421
MinimumVisualStudioVersion = 10.0.40219.1
Project("{8BC9CEB8-8B4A-11D0-8D11-00A0C91BC942}") = "ProjectIntroGame", "ProjectIntroGame\ProjectIntroGame.vcxproj", "{0ED86C6D-DBD8-4903-841F-9C240E6EE6BF}"
EndProject
Project("{8BC9CEB8-8B4A-11D0-8D11-00A0C91BC942}") = "ProjectSample", "ProjectSample\ProjectSample.vcxproj", "{53B0E5DF-551A-4585-B390-46FED3679F85}"
EndProject
Project("{FAE04EC0-301F-11D3-BF4B-00C04F79EFBC}") = "MapEditor", "MapEditor\MapEditor.csproj", "{E9BF5FC1-E382-4D05-82D1-95CB3DFB59A9}"
EndProject
Global
	GlobalSection(SolutionConfigurationPlatforms) = preSolution
		Debug|Any CPU = Debug|Any CPU
		Debug|x64 = Debug|x64
		Debug|x86 = Debug|x86
		Release|Any CPU = Release|Any CPU
		Release|x64 = Release|x64
		Release|x86 = Release|x86
	EndGlobalSection
	GlobalSection(ProjectConfigurationPlatforms) = postSolution
		{0ED86C6D-DBD8-4903-841F-9C240E6EE6BF}.Debug|Any CPU.ActiveCfg = Debug|Win32
		{0ED86C6D-DBD8-4903-841F-9C240E6EE6BF}.Debug|x64.ActiveCfg = Debug|x64
		{0ED86C6D-DBD8-4903-841F-9C240E6EE6BF}.Debug|x64.Build.0 = Debug|x64
		{0ED86C6D-DBD8-4903-841F-9C240E6EE6BF}.Debug|x86.ActiveCfg = Debug|Win32
		{0ED86C6D-DBD8-4903-841F-9C240E6EE6BF}.Debug|x86.Build.0 = Debug|Win32
		{0ED86C6D-DBD8-4903-841F-9C240E6EE6BF}.Release|Any CPU.ActiveCfg = Release|Win32
		{0ED86C6D-DBD8-4903-841F-9C240E6EE6BF}.Release|x64.ActiveCfg = Release|x64
		{0ED86C6D-DBD8-4903-841F-9C240E6EE6BF}.Release|x64.Build.0 = Release|x64
		{0ED86C6D-DBD8-4903-841F-9C240E6EE6BF}.Release|x86.ActiveCfg = Release|Win32
		{0ED86C6D-DBD8-4903-841F-9C240E6EE6BF}.Release|x86.Build.0 = Release|Win32
		{53B0E5DF-551A-4585-B390-46FED3679F85}.Debug|Any CPU.ActiveCfg = Debug|Win32
		{53B0E5DF-551A-4585-B390-46FED3679F85}.Debug|x64.ActiveCfg = Debug|x64
		{53B0E5DF-551A-4585-B390-46FED3679F85}.Debug|x64.Build.0 = Debug|x64
		{53B0E5DF-551A-4585-B390-46FED3679F85}.Debug|x86.ActiveCfg = Debug|Win32
		{53B0E5DF-551A-4585-B390-46FED3679F85}.Debug|x86.Build.0 = Debug|Win32
		{53B0E5DF-551A-4585-B390-46FED3679F85}.Release|Any CPU.ActiveCfg = Release|Win32
		{53B0E5DF-551A-4585-B390-46FED3679F85}.Release|x64.ActiveCfg = Release|x64
		{53B0E5DF-551A-4585-B390-46FED3679F85}.Release|x64.Build.0 = Release|x64
		{53B0E5DF-551A-4585-B390-46FED3679F85}.Release|x86.ActiveCfg = Release|Win32
		{53B0E5DF-551A-4585-B390-46FED3679F85}.Release|x86.Build.0 = Release|Win32
		{E9BF5FC1-E382-4D05-82D1-95CB3DFB59A9}.Debug|Any CPU.ActiveCfg = Debug|Any CPU
		{E9BF5FC1-E382-4D05-82D1-95CB3DFB59A9}.Debug|Any CPU.Build.0 = Debug|Any CPU
		{E9BF5FC1-E382-4D05-82D1-95CB3DFB59A9}.Debug|x64.ActiveCfg = Debug|Any CPU
		{E9BF5FC1-E382-4D05-82D1-95CB3DFB59A9}.Debug|x64.Build.0 = Debug|Any CPU
		{E9BF5FC1-E382-4D05-82D1-95CB3DFB59A9}.Debug|x86.ActiveCfg = Debug|Any CPU
		{E9BF5FC1-E382-4D05-82D1-95CB3DFB59A9}.Debug|x86.Build.0 = Debug|Any CPU
		{E9BF5FC1-E382-4D05-82D1-95CB3DFB59A9}.Release|Any CPU.ActiveCfg = Release|Any CPU
		{E9BF5FC1-E382-4D05-82D1-95CB3DFB59A9}.Release|Any CPU.Build.0 = Release|Any CPU
		{E9BF5FC1-E382-4D05-82D1-95CB3DFB59A9}.Release|x64.ActiveCfg = Release|Any CPU
		{E9BF5FC1-E382-4D05-82D1-95CB3DFB59A9}.Release|x64.Build.0 = Release|Any CPU
		{E9BF5FC1-E382-4D05-82D1-95CB3DFB59A9}.Release|x86.ActiveCfg = Release|Any CPU
		{E9BF5FC1-E382-4D05-82D1-95CB3DFB59A9}.Release|x86.Build.0 = Release|Any CPU
	EndGlobalSection
	GlobalSection(SolutionProperties) = preSolution
		HideSolutionNode = FALSE
	EndGlobalSection
	GlobalSection(ExtensibilityGlobals) = postSolution
		SolutionGuid = {B2DF8FBD-B41A-41DD-A113-1506994C78E2}
	EndGlobalSection
EndGlobal
